
Microsoft Visual Studio Solution File, Format Version 12.00
# Visual Studio 2013
VisualStudioVersion = 12.0.21005.1
MinimumVisualStudioVersion = 10.0.40219.1
Project("{FAE04EC0-301F-11D3-BF4B-00C04F79EFBC}") = "MonopolyKata", "MonopolyKata\MonopolyKata.csproj", "{90DFC86D-9880-4F2A-91E8-E42468CF418C}"
EndProject
Project("{FAE04EC0-301F-11D3-BF4B-00C04F79EFBC}") = "MonopolyTest", "UnitTestProject1\MonopolyTest.csproj", "{8285213F-A4CE-4DF6-A96D-0ADFC9455908}"
EndProject
Global
	GlobalSection(SolutionConfigurationPlatforms) = preSolution
		Debug|Any CPU = Debug|Any CPU
		Release|Any CPU = Release|Any CPU
	EndGlobalSection
	GlobalSection(ProjectConfigurationPlatforms) = postSolution
		{90DFC86D-9880-4F2A-91E8-E42468CF418C}.Debug|Any CPU.ActiveCfg = Debug|Any CPU
		{90DFC86D-9880-4F2A-91E8-E42468CF418C}.Debug|Any CPU.Build.0 = Debug|Any CPU
		{90DFC86D-9880-4F2A-91E8-E42468CF418C}.Release|Any CPU.ActiveCfg = Release|Any CPU
		{90DFC86D-9880-4F2A-91E8-E42468CF418C}.Release|Any CPU.Build.0 = Release|Any CPU
		{8285213F-A4CE-4DF6-A96D-0ADFC9455908}.Debug|Any CPU.ActiveCfg = Debug|Any CPU
		{8285213F-A4CE-4DF6-A96D-0ADFC9455908}.Debug|Any CPU.Build.0 = Debug|Any CPU
		{8285213F-A4CE-4DF6-A96D-0ADFC9455908}.Release|Any CPU.ActiveCfg = Release|Any CPU
		{8285213F-A4CE-4DF6-A96D-0ADFC9455908}.Release|Any CPU.Build.0 = Release|Any CPU
	EndGlobalSection
	GlobalSection(SolutionProperties) = preSolution
		HideSolutionNode = FALSE
	EndGlobalSection
EndGlobal
